
Microsoft Visual Studio Solution File, Format Version 12.00
# Visual Studio Version 17
VisualStudioVersion = 17.6.33829.357
MinimumVisualStudioVersion = 10.0.40219.1
Project("{FAE04EC0-301F-11D3-BF4B-00C04F79EFBC}") = "FirstCode", "FirstCode.csproj", "{56743B9E-20B5-43FB-BDBB-8446AAB9F605}"
EndProject
Project("{FAE04EC0-301F-11D3-BF4B-00C04F79EFBC}") = "SISBL", "..\SISBL\SISBL.csproj", "{723DC13F-7227-4559-B21B-AED3376E7069}"
EndProject
Global
	GlobalSection(SolutionConfigurationPlatforms) = preSolution
		Debug|Any CPU = Debug|Any CPU
		Release|Any CPU = Release|Any CPU
	EndGlobalSection
	GlobalSection(ProjectConfigurationPlatforms) = postSolution
		{56743B9E-20B5-43FB-BDBB-8446AAB9F605}.Debug|Any CPU.ActiveCfg = Debug|Any CPU
		{56743B9E-20B5-43FB-BDBB-8446AAB9F605}.Debug|Any CPU.Build.0 = Debug|Any CPU
		{56743B9E-20B5-43FB-BDBB-8446AAB9F605}.Release|Any CPU.ActiveCfg = Release|Any CPU
		{56743B9E-20B5-43FB-BDBB-8446AAB9F605}.Release|Any CPU.Build.0 = Release|Any CPU
		{723DC13F-7227-4559-B21B-AED3376E7069}.Debug|Any CPU.ActiveCfg = Debug|Any CPU
		{723DC13F-7227-4559-B21B-AED3376E7069}.Debug|Any CPU.Build.0 = Debug|Any CPU
		{723DC13F-7227-4559-B21B-AED3376E7069}.Release|Any CPU.ActiveCfg = Release|Any CPU
		{723DC13F-7227-4559-B21B-AED3376E7069}.Release|Any CPU.Build.0 = Release|Any CPU
	EndGlobalSection
	GlobalSection(SolutionProperties) = preSolution
		HideSolutionNode = FALSE
	EndGlobalSection
	GlobalSection(ExtensibilityGlobals) = postSolution
		SolutionGuid = {3678317D-E02A-4894-BA68-85AD8C46AE39}
	EndGlobalSection
EndGlobal
